
Microsoft Visual Studio Solution File, Format Version 12.00
# Visual Studio Version 17
VisualStudioVersion = 17.1.32210.238
MinimumVisualStudioVersion = 10.0.40219.1
Project("{9A19103F-16F7-4668-BE54-9A1E7A4F7556}") = "WebApp", "WebApp\WebApp.csproj", "{3C12F199-3A24-4BFB-B921-29BEA21BF407}"
EndProject
Project("{FAE04EC0-301F-11D3-BF4B-00C04F79EFBC}") = "WebAppTest", "WebAppTest\WebAppTest.csproj", "{048121D3-F0B1-4D85-9306-62009909AEBE}"
EndProject
Project("{FAE04EC0-301F-11D3-BF4B-00C04F79EFBC}") = "DataSource", "DataSource\DataSource.csproj", "{E2F042F5-74AF-4FA3-90B6-2F2DFF1675A7}"
EndProject
Global
	GlobalSection(SolutionConfigurationPlatforms) = preSolution
		Debug|Any CPU = Debug|Any CPU
		Release|Any CPU = Release|Any CPU
	EndGlobalSection
	GlobalSection(ProjectConfigurationPlatforms) = postSolution
		{3C12F199-3A24-4BFB-B921-29BEA21BF407}.Debug|Any CPU.ActiveCfg = Debug|Any CPU
		{3C12F199-3A24-4BFB-B921-29BEA21BF407}.Debug|Any CPU.Build.0 = Debug|Any CPU
		{3C12F199-3A24-4BFB-B921-29BEA21BF407}.Release|Any CPU.ActiveCfg = Release|Any CPU
		{3C12F199-3A24-4BFB-B921-29BEA21BF407}.Release|Any CPU.Build.0 = Release|Any CPU
		{E2F042F5-74AF-4FA3-90B6-2F2DFF1675A7}.Debug|Any CPU.ActiveCfg = Debug|Any CPU
		{E2F042F5-74AF-4FA3-90B6-2F2DFF1675A7}.Debug|Any CPU.Build.0 = Debug|Any CPU
		{E2F042F5-74AF-4FA3-90B6-2F2DFF1675A7}.Release|Any CPU.ActiveCfg = Release|Any CPU
		{E2F042F5-74AF-4FA3-90B6-2F2DFF1675A7}.Release|Any CPU.Build.0 = Release|Any CPU
	EndGlobalSection
	GlobalSection(SolutionProperties) = preSolution
		HideSolutionNode = FALSE
	EndGlobalSection
	GlobalSection(ExtensibilityGlobals) = postSolution
		SolutionGuid = {C78FFF0E-2080-437D-9E48-A184A7EA9A68}
	EndGlobalSection
EndGlobal
